// !$*UTF8*$!
{
	archiveVersion = 1;
	classes = {
	};
	objectVersion = 46;
	objects = {

/* Begin PBXBuildFile section */
		8F247AD5332225DF1B270A2C /* Pods_Gooey_Effect.framework in Frameworks */ = {isa = PBXBuildFile; fileRef = 5A74B9AB34FD95BD8192BB5D /* Pods_Gooey_Effect.framework */; };
		C52925EC1DB6408C00023A13 /* plus.png in Resources */ = {isa = PBXBuildFile; fileRef = C52925EB1DB6408C00023A13 /* plus.png */; };
		C5AF5D501DB5FC3C00EBEDBA /* main.m in Sources */ = {isa = PBXBuildFile; fileRef = C5AF5D4F1DB5FC3C00EBEDBA /* main.m */; };
		C5AF5D531DB5FC3C00EBEDBA /* AppDelegate.m in Sources */ = {isa = PBXBuildFile; fileRef = C5AF5D521DB5FC3C00EBEDBA /* AppDelegate.m */; };
		C5AF5D561DB5FC3C00EBEDBA /* ViewController.m in Sources */ = {isa = PBXBuildFile; fileRef = C5AF5D551DB5FC3C00EBEDBA /* ViewController.m */; };
		C5AF5D591DB5FC3C00EBEDBA /* Main.storyboard in Resources */ = {isa = PBXBuildFile; fileRef = C5AF5D571DB5FC3C00EBEDBA /* Main.storyboard */; };
		C5AF5D5B1DB5FC3C00EBEDBA /* Assets.xcassets in Resources */ = {isa = PBXBuildFile; fileRef = C5AF5D5A1DB5FC3C00EBEDBA /* Assets.xcassets */; };
		C5AF5D5E1DB5FC3C00EBEDBA /* LaunchScreen.storyboard in Resources */ = {isa = PBXBuildFile; fileRef = C5AF5D5C1DB5FC3C00EBEDBA /* LaunchScreen.storyboard */; };
/* End PBXBuildFile section */

/* Begin PBXFileReference section */
		1DB595AF40F9A35ABF3CB157 /* Pods-Gooey Effect.debug.xcconfig */ = {isa = PBXFileReference; includeInIndex = 1; lastKnownFileType = text.xcconfig; name = "Pods-Gooey Effect.debug.xcconfig"; path = "Pods/Target Support Files/Pods-Gooey Effect/Pods-Gooey Effect.debug.xcconfig"; sourceTree = "<group>"; };
		5A74B9AB34FD95BD8192BB5D /* Pods_Gooey_Effect.framework */ = {isa = PBXFileReference; explicitFileType = wrapper.framework; includeInIndex = 0; path = Pods_Gooey_Effect.framework; sourceTree = BUILT_PRODUCTS_DIR; };
		8D9A4BBD55E8522AEA8D0293 /* Pods-Gooey Effect.release.xcconfig */ = {isa = PBXFileReference; includeInIndex = 1; lastKnownFileType = text.xcconfig; name = "Pods-Gooey Effect.release.xcconfig"; path = "Pods/Target Support Files/Pods-Gooey Effect/Pods-Gooey Effect.release.xcconfig"; sourceTree = "<group>"; };
		C52925EB1DB6408C00023A13 /* plus.png */ = {isa = PBXFileReference; lastKnownFileType = image.png; path = plus.png; sourceTree = "<group>"; };
		C5AF5D4B1DB5FC3B00EBEDBA /* Gooey Effect.app */ = {isa = PBXFileReference; explicitFileType = wrapper.application; includeInIndex = 0; path = "Gooey Effect.app"; sourceTree = BUILT_PRODUCTS_DIR; };
		C5AF5D4F1DB5FC3C00EBEDBA /* main.m */ = {isa = PBXFileReference; lastKnownFileType = sourcecode.c.objc; path = main.m; sourceTree = "<group>"; };
		C5AF5D511DB5FC3C00EBEDBA /* AppDelegate.h */ = {isa = PBXFileReference; lastKnownFileType = sourcecode.c.h; path = AppDelegate.h; sourceTree = "<group>"; };
		C5AF5D521DB5FC3C00EBEDBA /* AppDelegate.m */ = {isa = PBXFileReference; lastKnownFileType = sourcecode.c.objc; path = AppDelegate.m; sourceTree = "<group>"; };
		C5AF5D541DB5FC3C00EBEDBA /* ViewController.h */ = {isa = PBXFileReference; lastKnownFileType = sourcecode.c.h; path = ViewController.h; sourceTree = "<group>"; };
		C5AF5D551DB5FC3C00EBEDBA /* ViewController.m */ = {isa = PBXFileReference; lastKnownFileType = sourcecode.c.objc; path = ViewController.m; sourceTree = "<group>"; };
		C5AF5D581DB5FC3C00EBEDBA /* Base */ = {isa = PBXFileReference; lastKnownFileType = file.storyboard; name = Base; path = Base.lproj/Main.storyboard; sourceTree = "<group>"; };
		C5AF5D5A1DB5FC3C00EBEDBA /* Assets.xcassets */ = {isa = PBXFileReference; lastKnownFileType = folder.assetcatalog; path = Assets.xcassets; sourceTree = "<group>"; };
		C5AF5D5D1DB5FC3C00EBEDBA /* Base */ = {isa = PBXFileReference; lastKnownFileType = file.storyboard; name = Base; path = Base.lproj/LaunchScreen.storyboard; sourceTree = "<group>"; };
		C5AF5D5F1DB5FC3C00EBEDBA /* Info.plist */ = {isa = PBXFileReference; lastKnownFileType = text.plist.xml; path = Info.plist; sourceTree = "<group>"; };
/* End PBXFileReference section */

/* Begin PBXFrameworksBuildPhase section */
		C5AF5D481DB5FC3B00EBEDBA /* Frameworks */ = {
			isa = PBXFrameworksBuildPhase;
			buildActionMask = 2147483647;
			files = (
				8F247AD5332225DF1B270A2C /* Pods_Gooey_Effect.framework in Frameworks */,
			);
			runOnlyForDeploymentPostprocessing = 0;
		};
/* End PBXFrameworksBuildPhase section */

/* Begin PBXGroup section */
		1636327FE10C06D5585AE930 /* Pods */ = {
			isa = PBXGroup;
			children = (
				1DB595AF40F9A35ABF3CB157 /* Pods-Gooey Effect.debug.xcconfig */,
				8D9A4BBD55E8522AEA8D0293 /* Pods-Gooey Effect.release.xcconfig */,
			);
			name = Pods;
			sourceTree = "<group>";
		};
		AA522B38E7557BF81C5A27C2 /* Frameworks */ = {
			isa = PBXGroup;
			children = (
				5A74B9AB34FD95BD8192BB5D /* Pods_Gooey_Effect.framework */,
			);
			name = Frameworks;
			sourceTree = "<group>";
		};
		C5AF5D421DB5FC3B00EBEDBA = {
			isa = PBXGroup;
			children = (
				C5AF5D4D1DB5FC3B00EBEDBA /* Gooey Effect */,
				C5AF5D4C1DB5FC3B00EBEDBA /* Products */,
				1636327FE10C06D5585AE930 /* Pods */,
				AA522B38E7557BF81C5A27C2 /* Frameworks */,
			);
			sourceTree = "<group>";
		};
		C5AF5D4C1DB5FC3B00EBEDBA /* Products */ = {
			isa = PBXGroup;
			children = (
				C5AF5D4B1DB5FC3B00EBEDBA /* Gooey Effect.app */,
			);
			name = Products;
			sourceTree = "<group>";
		};
		C5AF5D4D1DB5FC3B00EBEDBA /* Gooey Effect */ = {
			isa = PBXGroup;
			children = (
				C52925EB1DB6408C00023A13 /* plus.png */,
				C5AF5D511DB5FC3C00EBEDBA /* AppDelegate.h */,
				C5AF5D521DB5FC3C00EBEDBA /* AppDelegate.m */,
				C5AF5D541DB5FC3C00EBEDBA /* ViewController.h */,
				C5AF5D551DB5FC3C00EBEDBA /* ViewController.m */,
				C5AF5D571DB5FC3C00EBEDBA /* Main.storyboard */,
				C5AF5D5A1DB5FC3C00EBEDBA /* Assets.xcassets */,
				C5AF5D5C1DB5FC3C00EBEDBA /* LaunchScreen.storyboard */,
				C5AF5D5F1DB5FC3C00EBEDBA /* Info.plist */,
				C5AF5D4E1DB5FC3C00EBEDBA /* Supporting Files */,
			);
			path = "Gooey Effect";
			sourceTree = "<group>";
		};
		C5AF5D4E1DB5FC3C00EBEDBA /* Supporting Files */ = {
			isa = PBXGroup;
			children = (
				C5AF5D4F1DB5FC3C00EBEDBA /* main.m */,
			);
			name = "Supporting Files";
			sourceTree = "<group>";
		};
/* End PBXGroup section */

/* Begin PBXNativeTarget section */
		C5AF5D4A1DB5FC3B00EBEDBA /* Gooey Effect */ = {
			isa = PBXNativeTarget;
			buildConfigurationList = C5AF5D621DB5FC3C00EBEDBA /* Build configuration list for PBXNativeTarget "Gooey Effect" */;
			buildPhases = (
				004314C87D49812816B18B49 /* [CP] Check Pods Manifest.lock */,
				C5AF5D471DB5FC3B00EBEDBA /* Sources */,
				C5AF5D481DB5FC3B00EBEDBA /* Frameworks */,
				C5AF5D491DB5FC3B00EBEDBA /* Resources */,
				E9B9A591F338AEE9382D7FD9 /* [CP] Embed Pods Frameworks */,
				15C48714449D9520C418F15C /* [CP] Copy Pods Resources */,
			);
			buildRules = (
			);
			dependencies = (
			);
			name = "Gooey Effect";
			productName = "Gooey Effect";
			productReference = C5AF5D4B1DB5FC3B00EBEDBA /* Gooey Effect.app */;
			productType = "com.apple.product-type.application";
		};
/* End PBXNativeTarget section */

/* Begin PBXProject section */
		C5AF5D431DB5FC3B00EBEDBA /* Project object */ = {
			isa = PBXProject;
			attributes = {
				LastUpgradeCheck = 0730;
				ORGANIZATIONNAME = "Sanjith Kanagavel";
				TargetAttributes = {
					C5AF5D4A1DB5FC3B00EBEDBA = {
						CreatedOnToolsVersion = 7.3.1;
					};
				};
			};
			buildConfigurationList = C5AF5D461DB5FC3B00EBEDBA /* Build configuration list for PBXProject "Gooey Effect" */;
			compatibilityVersion = "Xcode 3.2";
			developmentRegion = English;
			hasScannedForEncodings = 0;
			knownRegions = (
				en,
				Base,
			);
			mainGroup = C5AF5D421DB5FC3B00EBEDBA;
			productRefGroup = C5AF5D4C1DB5FC3B00EBEDBA /* Products */;
			projectDirPath = "";
			projectRoot = "";
			targets = (
				C5AF5D4A1DB5FC3B00EBEDBA /* Gooey Effect */,
			);
		};
/* End PBXProject section */

/* Begin PBXResourcesBuildPhase section */
		C5AF5D491DB5FC3B00EBEDBA /* Resources */ = {
			isa = PBXResourcesBuildPhase;
			buildActionMask = 2147483647;
			files = (
				C5AF5D5E1DB5FC3C00EBEDBA /* LaunchScreen.storyboard in Resources */,
				C5AF5D5B1DB5FC3C00EBEDBA /* Assets.xcassets in Resources */,
				C5AF5D591DB5FC3C00EBEDBA /* Main.storyboard in Resources */,
				C52925EC1DB6408C00023A13 /* plus.png in Resources */,
			);
			runOnlyForDeploymentPostprocessing = 0;
		};
/* End PBXResourcesBuildPhase section */

/* Begin PBXShellScriptBuildPhase section */
		004314C87D49812816B18B49 /* [CP] Check Pods Manifest.lock */ = {
			isa = PBXShellScriptBuildPhase;
			buildActionMask = 2147483647;
			files = (
			);
			inputPaths = (
			);
			name = "[CP] Check Pods Manifest.lock";
			outputPaths = (
			);
			runOnlyForDeploymentPostprocessing = 0;
			shellPath = /bin/sh;
			shellScript = "diff \"${PODS_ROOT}/../Podfile.lock\" \"${PODS_ROOT}/Manifest.lock\" > /dev/null\nif [ $? != 0 ] ; then\n    # print error to STDERR\n    echo \"error: The sandbox is not in sync with the Podfile.lock. Run 'pod install' or update your CocoaPods installation.\" >&2\n    exit 1\nfi\n";
			showEnvVarsInLog = 0;
		};
		15C48714449D9520C418F15C /* [CP] Copy Pods Resources */ = {
			isa = PBXShellScriptBuildPhase;
			buildActionMask = 2147483647;
			files = (
			);
			inputPaths = (
			);
			name = "[CP] Copy Pods Resources";
			outputPaths = (
			);
			runOnlyForDeploymentPostprocessing = 0;
			shellPath = /bin/sh;
			shellScript = "\"${SRCROOT}/Pods/Target Support Files/Pods-Gooey Effect/Pods-Gooey Effect-resources.sh\"\n";
			showEnvVarsInLog = 0;
		};
		E9B9A591F338AEE9382D7FD9 /* [CP] Embed Pods Frameworks */ = {
			isa = PBXShellScriptBuildPhase;
			buildActionMask = 2147483647;
			files = (
			);
			inputPaths = (
			);
			name = "[CP] Embed Pods Frameworks";
			outputPaths = (
			);
			runOnlyForDeploymentPostprocessing = 0;
			shellPath = /bin/sh;
			shellScript = "\"${SRCROOT}/Pods/Target Support Files/Pods-Gooey Effect/Pods-Gooey Effect-frameworks.sh\"\n";
			showEnvVarsInLog = 0;
		};
/* End PBXShellScriptBuildPhase section */

/* Begin PBXSourcesBuildPhase section */
		C5AF5D471DB5FC3B00EBEDBA /* Sources */ = {
			isa = PBXSourcesBuildPhase;
			buildActionMask = 2147483647;
			files = (
				C5AF5D561DB5FC3C00EBEDBA /* ViewController.m in Sources */,
				C5AF5D531DB5FC3C00EBEDBA /* AppDelegate.m in Sources */,
				C5AF5D501DB5FC3C00EBEDBA /* main.m in Sources */,
			);
			runOnlyForDeploymentPostprocessing = 0;
		};
/* End PBXSourcesBuildPhase section */

/* Begin PBXVariantGroup section */
		C5AF5D571DB5FC3C00EBEDBA /* Main.storyboard */ = {
			isa = PBXVariantGroup;
			children = (
				C5AF5D581DB5FC3C00EBEDBA /* Base */,
			);
			name = Main.storyboard;
			sourceTree = "<group>";
		};
		C5AF5D5C1DB5FC3C00EBEDBA /* LaunchScreen.storyboard */ = {
			isa = PBXVariantGroup;
			children = (
				C5AF5D5D1DB5FC3C00EBEDBA /* Base */,
			);
			name = LaunchScreen.storyboard;
			sourceTree = "<group>";
		};
/* End PBXVariantGroup section */

/* Begin XCBuildConfiguration section */
		C5AF5D601DB5FC3C00EBEDBA /* Debug */ = {
			isa = XCBuildConfiguration;
			buildSettings = {
				ALWAYS_SEARCH_USER_PATHS = NO;
				CLANG_ANALYZER_NONNULL = YES;
				CLANG_CXX_LANGUAGE_STANDARD = "gnu++0x";
				CLANG_CXX_LIBRARY = "libc++";
				CLANG_ENABLE_MODULES = YES;
				CLANG_ENABLE_OBJC_ARC = YES;
				CLANG_WARN_BOOL_CONVERSION = YES;
				CLANG_WARN_CONSTANT_CONVERSION = YES;
				CLANG_WARN_DIRECT_OBJC_ISA_USAGE = YES_ERROR;
				CLANG_WARN_EMPTY_BODY = YES;
				CLANG_WARN_ENUM_CONVERSION = YES;
				CLANG_WARN_INT_CONVERSION = YES;
				CLANG_WARN_OBJC_ROOT_CLASS = YES_ERROR;
				CLANG_WARN_UNREACHABLE_CODE = YES;
				CLANG_WARN__DUPLICATE_METHOD_MATCH = YES;
				"CODE_SIGN_IDENTITY[sdk=iphoneos*]" = "iPhone Developer";
				COPY_PHASE_STRIP = NO;
				DEBUG_INFORMATION_FORMAT = dwarf;
				ENABLE_STRICT_OBJC_MSGSEND = YES;
				ENABLE_TESTABILITY = YES;
				GCC_C_LANGUAGE_STANDARD = gnu99;
				GCC_DYNAMIC_NO_PIC = NO;
				GCC_NO_COMMON_BLOCKS = YES;
				GCC_OPTIMIZATION_LEVEL = 0;
				GCC_PREPROCESSOR_DEFINITIONS = (
					"DEBUG=1",
					"$(inherited)",
				);
				GCC_WARN_64_TO_32_BIT_CONVERSION = YES;
				GCC_WARN_ABOUT_RETURN_TYPE = YES_ERROR;
				GCC_WARN_UNDECLARED_SELECTOR = YES;
				GCC_WARN_UNINITIALIZED_AUTOS = YES_AGGRESSIVE;
				GCC_WARN_UNUSED_FUNCTION = YES;
				GCC_WARN_UNUSED_VARIABLE = YES;
				IPHONEOS_DEPLOYMENT_TARGET = 9.3;
				MTL_ENABLE_DEBUG_INFO = YES;
				ONLY_ACTIVE_ARCH = YES;
				SDKROOT = iphoneos;
				TARGETED_DEVICE_FAMILY = "1,2";
			};
			name = Debug;
		};
		C5AF5D611DB5FC3C00EBEDBA /* Release */ = {
			isa = XCBuildConfiguration;
			buildSettings = {
				ALWAYS_SEARCH_USER_PATHS = NO;
				CLANG_ANALYZER_NONNULL = YES;
				CLANG_CXX_LANGUAGE_STANDARD = "gnu++0x";
				CLANG_CXX_LIBRARY = "libc++";
				CLANG_ENABLE_MODULES = YES;
				CLANG_ENABLE_OBJC_ARC = YES;
				CLANG_WARN_BOOL_CONVERSION = YES;
				CLANG_WARN_CONSTANT_CONVERSION = YES;
				CLANG_WARN_DIRECT_OBJC_ISA_USAGE = YES_ERROR;
				CLANG_WARN_EMPTY_BODY = YES;
				CLANG_WARN_ENUM_CONVERSION = YES;
				CLANG_WARN_INT_CONVERSION = YES;
				CLANG_WARN_OBJC_ROOT_CLASS = YES_ERROR;
				CLANG_WARN_UNREACHABLE_CODE = YES;
				CLANG_WARN__DUPLICATE_METHOD_MATCH = YES;
				"CODE_SIGN_IDENTITY[sdk=iphoneos*]" = "iPhone Developer";
				COPY_PHASE_STRIP = NO;
				DEBUG_INFORMATION_FORMAT = "dwarf-with-dsym";
				ENABLE_NS_ASSERTIONS = NO;
				ENABLE_STRICT_OBJC_MSGSEND = YES;
				GCC_C_LANGUAGE_STANDARD = gnu99;
				GCC_NO_COMMON_BLOCKS = YES;
				GCC_WARN_64_TO_32_BIT_CONVERSION = YES;
				GCC_WARN_ABOUT_RETURN_TYPE = YES_ERROR;
				GCC_WARN_UNDECLARED_SELECTOR = YES;
				GCC_WARN_UNINITIALIZED_AUTOS = YES_AGGRESSIVE;
				GCC_WARN_UNUSED_FUNCTION = YES;
				GCC_WARN_UNUSED_VARIABLE = YES;
				IPHONEOS_DEPLOYMENT_TARGET = 9.3;
				MTL_ENABLE_DEBUG_INFO = NO;
				SDKROOT = iphoneos;
				TARGETED_DEVICE_FAMILY = "1,2";
				VALIDATE_PRODUCT = YES;
			};
			name = Release;
		};
		C5AF5D631DB5FC3C00EBEDBA /* Debug */ = {
			isa = XCBuildConfiguration;
			baseConfigurationReference = 1DB595AF40F9A35ABF3CB157 /* Pods-Gooey Effect.debug.xcconfig */;
			buildSettings = {
				ASSETCATALOG_COMPILER_APPICON_NAME = AppIcon;
				INFOPLIST_FILE = "Gooey Effect/Info.plist";
				LD_RUNPATH_SEARCH_PATHS = "$(inherited) @executable_path/Frameworks";
				PRODUCT_BUNDLE_IDENTIFIER = "com.sanjithkanagavel.Gooey-Effect";
				PRODUCT_NAME = "$(TARGET_NAME)";
			};
			name = Debug;
		};
		C5AF5D641DB5FC3C00EBEDBA /* Release */ = {
			isa = XCBuildConfiguration;
			baseConfigurationReference = 8D9A4BBD55E8522AEA8D0293 /* Pods-Gooey Effect.release.xcconfig */;
			buildSettings = {
				ASSETCATALOG_COMPILER_APPICON_NAME = AppIcon;
				INFOPLIST_FILE = "Gooey Effect/Info.plist";
				LD_RUNPATH_SEARCH_PATHS = "$(inherited) @executable_path/Frameworks";
				PRODUCT_BUNDLE_IDENTIFIER = "com.sanjithkanagavel.Gooey-Effect";
				PRODUCT_NAME = "$(TARGET_NAME)";
			};
			name = Release;
		};
/* End XCBuildConfiguration section */

/* Begin XCConfigurationList section */
		C5AF5D461DB5FC3B00EBEDBA /* Build configuration list for PBXProject "Gooey Effect" */ = {
			isa = XCConfigurationList;
			buildConfigurations = (
				C5AF5D601DB5FC3C00EBEDBA /* Debug */,
				C5AF5D611DB5FC3C00EBEDBA /* Release */,
			);
			defaultConfigurationIsVisible = 0;
			defaultConfigurationName = Release;
		};
		C5AF5D621DB5FC3C00EBEDBA /* Build configuration list for PBXNativeTarget "Gooey Effect" */ = {
			isa = XCConfigurationList;
			buildConfigurations = (
				C5AF5D631DB5FC3C00EBEDBA /* Debug */,
				C5AF5D641DB5FC3C00EBEDBA /* Release */,
			);
			defaultConfigurationIsVisible = 0;
			defaultConfigurationName = Release;
		};
/* End XCConfigurationList section */
	};
	rootObject = C5AF5D431DB5FC3B00EBEDBA /* Project object */;
}
