// !$*UTF8*$!
{
	archiveVersion = 1;
	classes = {
	};
	objectVersion = 46;
	objects = {

/* Begin PBXBuildFile section */
		C534D24B1DAB74110000C2D0 /* main.m in Sources */ = {isa = PBXBuildFile; fileRef = C534D24A1DAB74110000C2D0 /* main.m */; };
		C534D24E1DAB74110000C2D0 /* AppDelegate.m in Sources */ = {isa = PBXBuildFile; fileRef = C534D24D1DAB74110000C2D0 /* AppDelegate.m */; };
		C534D2511DAB74110000C2D0 /* ToDoList.xcdatamodeld in Sources */ = {isa = PBXBuildFile; fileRef = C534D24F1DAB74110000C2D0 /* ToDoList.xcdatamodeld */; };
		C534D2541DAB74110000C2D0 /* MasterViewController.m in Sources */ = {isa = PBXBuildFile; fileRef = C534D2531DAB74110000C2D0 /* MasterViewController.m */; };
		C534D2571DAB74110000C2D0 /* DetailViewController.m in Sources */ = {isa = PBXBuildFile; fileRef = C534D2561DAB74110000C2D0 /* DetailViewController.m */; };
		C534D25A1DAB74110000C2D0 /* Main.storyboard in Resources */ = {isa = PBXBuildFile; fileRef = C534D2581DAB74110000C2D0 /* Main.storyboard */; };
		C534D25C1DAB74110000C2D0 /* Assets.xcassets in Resources */ = {isa = PBXBuildFile; fileRef = C534D25B1DAB74110000C2D0 /* Assets.xcassets */; };
		C534D25F1DAB74110000C2D0 /* LaunchScreen.storyboard in Resources */ = {isa = PBXBuildFile; fileRef = C534D25D1DAB74110000C2D0 /* LaunchScreen.storyboard */; };
/* End PBXBuildFile section */

/* Begin PBXFileReference section */
		C534D2461DAB74110000C2D0 /* ToDoList.app */ = {isa = PBXFileReference; explicitFileType = wrapper.application; includeInIndex = 0; path = ToDoList.app; sourceTree = BUILT_PRODUCTS_DIR; };
		C534D24A1DAB74110000C2D0 /* main.m */ = {isa = PBXFileReference; lastKnownFileType = sourcecode.c.objc; path = main.m; sourceTree = "<group>"; };
		C534D24C1DAB74110000C2D0 /* AppDelegate.h */ = {isa = PBXFileReference; lastKnownFileType = sourcecode.c.h; path = AppDelegate.h; sourceTree = "<group>"; };
		C534D24D1DAB74110000C2D0 /* AppDelegate.m */ = {isa = PBXFileReference; lastKnownFileType = sourcecode.c.objc; path = AppDelegate.m; sourceTree = "<group>"; };
		C534D2501DAB74110000C2D0 /* ToDoList.xcdatamodel */ = {isa = PBXFileReference; lastKnownFileType = wrapper.xcdatamodel; path = ToDoList.xcdatamodel; sourceTree = "<group>"; };
		C534D2521DAB74110000C2D0 /* MasterViewController.h */ = {isa = PBXFileReference; lastKnownFileType = sourcecode.c.h; path = MasterViewController.h; sourceTree = "<group>"; };
		C534D2531DAB74110000C2D0 /* MasterViewController.m */ = {isa = PBXFileReference; lastKnownFileType = sourcecode.c.objc; path = MasterViewController.m; sourceTree = "<group>"; };
		C534D2551DAB74110000C2D0 /* DetailViewController.h */ = {isa = PBXFileReference; lastKnownFileType = sourcecode.c.h; path = DetailViewController.h; sourceTree = "<group>"; };
		C534D2561DAB74110000C2D0 /* DetailViewController.m */ = {isa = PBXFileReference; lastKnownFileType = sourcecode.c.objc; path = DetailViewController.m; sourceTree = "<group>"; };
		C534D2591DAB74110000C2D0 /* Base */ = {isa = PBXFileReference; lastKnownFileType = file.storyboard; name = Base; path = Base.lproj/Main.storyboard; sourceTree = "<group>"; };
		C534D25B1DAB74110000C2D0 /* Assets.xcassets */ = {isa = PBXFileReference; lastKnownFileType = folder.assetcatalog; path = Assets.xcassets; sourceTree = "<group>"; };
		C534D25E1DAB74110000C2D0 /* Base */ = {isa = PBXFileReference; lastKnownFileType = file.storyboard; name = Base; path = Base.lproj/LaunchScreen.storyboard; sourceTree = "<group>"; };
		C534D2601DAB74110000C2D0 /* Info.plist */ = {isa = PBXFileReference; lastKnownFileType = text.plist.xml; path = Info.plist; sourceTree = "<group>"; };
/* End PBXFileReference section */

/* Begin PBXFrameworksBuildPhase section */
		C534D2431DAB74110000C2D0 /* Frameworks */ = {
			isa = PBXFrameworksBuildPhase;
			buildActionMask = 2147483647;
			files = (
			);
			runOnlyForDeploymentPostprocessing = 0;
		};
/* End PBXFrameworksBuildPhase section */

/* Begin PBXGroup section */
		C534D23D1DAB74110000C2D0 = {
			isa = PBXGroup;
			children = (
				C534D2481DAB74110000C2D0 /* ToDoList */,
				C534D2471DAB74110000C2D0 /* Products */,
			);
			sourceTree = "<group>";
		};
		C534D2471DAB74110000C2D0 /* Products */ = {
			isa = PBXGroup;
			children = (
				C534D2461DAB74110000C2D0 /* ToDoList.app */,
			);
			name = Products;
			sourceTree = "<group>";
		};
		C534D2481DAB74110000C2D0 /* ToDoList */ = {
			isa = PBXGroup;
			children = (
				C534D24C1DAB74110000C2D0 /* AppDelegate.h */,
				C534D24D1DAB74110000C2D0 /* AppDelegate.m */,
				C534D2521DAB74110000C2D0 /* MasterViewController.h */,
				C534D2531DAB74110000C2D0 /* MasterViewController.m */,
				C534D2551DAB74110000C2D0 /* DetailViewController.h */,
				C534D2561DAB74110000C2D0 /* DetailViewController.m */,
				C534D2581DAB74110000C2D0 /* Main.storyboard */,
				C534D25B1DAB74110000C2D0 /* Assets.xcassets */,
				C534D25D1DAB74110000C2D0 /* LaunchScreen.storyboard */,
				C534D2601DAB74110000C2D0 /* Info.plist */,
				C534D24F1DAB74110000C2D0 /* ToDoList.xcdatamodeld */,
				C534D2491DAB74110000C2D0 /* Supporting Files */,
			);
			path = ToDoList;
			sourceTree = "<group>";
		};
		C534D2491DAB74110000C2D0 /* Supporting Files */ = {
			isa = PBXGroup;
			children = (
				C534D24A1DAB74110000C2D0 /* main.m */,
			);
			name = "Supporting Files";
			sourceTree = "<group>";
		};
/* End PBXGroup section */

/* Begin PBXNativeTarget section */
		C534D2451DAB74110000C2D0 /* ToDoList */ = {
			isa = PBXNativeTarget;
			buildConfigurationList = C534D2631DAB74110000C2D0 /* Build configuration list for PBXNativeTarget "ToDoList" */;
			buildPhases = (
				C534D2421DAB74110000C2D0 /* Sources */,
				C534D2431DAB74110000C2D0 /* Frameworks */,
				C534D2441DAB74110000C2D0 /* Resources */,
			);
			buildRules = (
			);
			dependencies = (
			);
			name = ToDoList;
			productName = ToDoList;
			productReference = C534D2461DAB74110000C2D0 /* ToDoList.app */;
			productType = "com.apple.product-type.application";
		};
/* End PBXNativeTarget section */

/* Begin PBXProject section */
		C534D23E1DAB74110000C2D0 /* Project object */ = {
			isa = PBXProject;
			attributes = {
				LastUpgradeCheck = 0730;
				ORGANIZATIONNAME = "Sanjith Kanagavel";
				TargetAttributes = {
					C534D2451DAB74110000C2D0 = {
						CreatedOnToolsVersion = 7.3.1;
					};
				};
			};
			buildConfigurationList = C534D2411DAB74110000C2D0 /* Build configuration list for PBXProject "ToDoList" */;
			compatibilityVersion = "Xcode 3.2";
			developmentRegion = English;
			hasScannedForEncodings = 0;
			knownRegions = (
				en,
				Base,
			);
			mainGroup = C534D23D1DAB74110000C2D0;
			productRefGroup = C534D2471DAB74110000C2D0 /* Products */;
			projectDirPath = "";
			projectRoot = "";
			targets = (
				C534D2451DAB74110000C2D0 /* ToDoList */,
			);
		};
/* End PBXProject section */

/* Begin PBXResourcesBuildPhase section */
		C534D2441DAB74110000C2D0 /* Resources */ = {
			isa = PBXResourcesBuildPhase;
			buildActionMask = 2147483647;
			files = (
				C534D25F1DAB74110000C2D0 /* LaunchScreen.storyboard in Resources */,
				C534D25C1DAB74110000C2D0 /* Assets.xcassets in Resources */,
				C534D25A1DAB74110000C2D0 /* Main.storyboard in Resources */,
			);
			runOnlyForDeploymentPostprocessing = 0;
		};
/* End PBXResourcesBuildPhase section */

/* Begin PBXSourcesBuildPhase section */
		C534D2421DAB74110000C2D0 /* Sources */ = {
			isa = PBXSourcesBuildPhase;
			buildActionMask = 2147483647;
			files = (
				C534D2571DAB74110000C2D0 /* DetailViewController.m in Sources */,
				C534D2541DAB74110000C2D0 /* MasterViewController.m in Sources */,
				C534D24E1DAB74110000C2D0 /* AppDelegate.m in Sources */,
				C534D2511DAB74110000C2D0 /* ToDoList.xcdatamodeld in Sources */,
				C534D24B1DAB74110000C2D0 /* main.m in Sources */,
			);
			runOnlyForDeploymentPostprocessing = 0;
		};
/* End PBXSourcesBuildPhase section */

/* Begin PBXVariantGroup section */
		C534D2581DAB74110000C2D0 /* Main.storyboard */ = {
			isa = PBXVariantGroup;
			children = (
				C534D2591DAB74110000C2D0 /* Base */,
			);
			name = Main.storyboard;
			sourceTree = "<group>";
		};
		C534D25D1DAB74110000C2D0 /* LaunchScreen.storyboard */ = {
			isa = PBXVariantGroup;
			children = (
				C534D25E1DAB74110000C2D0 /* Base */,
			);
			name = LaunchScreen.storyboard;
			sourceTree = "<group>";
		};
/* End PBXVariantGroup section */

/* Begin XCBuildConfiguration section */
		C534D2611DAB74110000C2D0 /* Debug */ = {
			isa = XCBuildConfiguration;
			buildSettings = {
				ALWAYS_SEARCH_USER_PATHS = NO;
				CLANG_ANALYZER_NONNULL = YES;
				CLANG_CXX_LANGUAGE_STANDARD = "gnu++0x";
				CLANG_CXX_LIBRARY = "libc++";
				CLANG_ENABLE_MODULES = YES;
				CLANG_ENABLE_OBJC_ARC = YES;
				CLANG_WARN_BOOL_CONVERSION = YES;
				CLANG_WARN_CONSTANT_CONVERSION = YES;
				CLANG_WARN_DIRECT_OBJC_ISA_USAGE = YES_ERROR;
				CLANG_WARN_EMPTY_BODY = YES;
				CLANG_WARN_ENUM_CONVERSION = YES;
				CLANG_WARN_INT_CONVERSION = YES;
				CLANG_WARN_OBJC_ROOT_CLASS = YES_ERROR;
				CLANG_WARN_UNREACHABLE_CODE = YES;
				CLANG_WARN__DUPLICATE_METHOD_MATCH = YES;
				"CODE_SIGN_IDENTITY[sdk=iphoneos*]" = "iPhone Developer";
				COPY_PHASE_STRIP = NO;
				DEBUG_INFORMATION_FORMAT = dwarf;
				ENABLE_STRICT_OBJC_MSGSEND = YES;
				ENABLE_TESTABILITY = YES;
				GCC_C_LANGUAGE_STANDARD = gnu99;
				GCC_DYNAMIC_NO_PIC = NO;
				GCC_NO_COMMON_BLOCKS = YES;
				GCC_OPTIMIZATION_LEVEL = 0;
				GCC_PREPROCESSOR_DEFINITIONS = (
					"DEBUG=1",
					"$(inherited)",
				);
				GCC_WARN_64_TO_32_BIT_CONVERSION = YES;
				GCC_WARN_ABOUT_RETURN_TYPE = YES_ERROR;
				GCC_WARN_UNDECLARED_SELECTOR = YES;
				GCC_WARN_UNINITIALIZED_AUTOS = YES_AGGRESSIVE;
				GCC_WARN_UNUSED_FUNCTION = YES;
				GCC_WARN_UNUSED_VARIABLE = YES;
				IPHONEOS_DEPLOYMENT_TARGET = 9.3;
				MTL_ENABLE_DEBUG_INFO = YES;
				ONLY_ACTIVE_ARCH = YES;
				SDKROOT = iphoneos;
			};
			name = Debug;
		};
		C534D2621DAB74110000C2D0 /* Release */ = {
			isa = XCBuildConfiguration;
			buildSettings = {
				ALWAYS_SEARCH_USER_PATHS = NO;
				CLANG_ANALYZER_NONNULL = YES;
				CLANG_CXX_LANGUAGE_STANDARD = "gnu++0x";
				CLANG_CXX_LIBRARY = "libc++";
				CLANG_ENABLE_MODULES = YES;
				CLANG_ENABLE_OBJC_ARC = YES;
				CLANG_WARN_BOOL_CONVERSION = YES;
				CLANG_WARN_CONSTANT_CONVERSION = YES;
				CLANG_WARN_DIRECT_OBJC_ISA_USAGE = YES_ERROR;
				CLANG_WARN_EMPTY_BODY = YES;
				CLANG_WARN_ENUM_CONVERSION = YES;
				CLANG_WARN_INT_CONVERSION = YES;
				CLANG_WARN_OBJC_ROOT_CLASS = YES_ERROR;
				CLANG_WARN_UNREACHABLE_CODE = YES;
				CLANG_WARN__DUPLICATE_METHOD_MATCH = YES;
				"CODE_SIGN_IDENTITY[sdk=iphoneos*]" = "iPhone Developer";
				COPY_PHASE_STRIP = NO;
				DEBUG_INFORMATION_FORMAT = "dwarf-with-dsym";
				ENABLE_NS_ASSERTIONS = NO;
				ENABLE_STRICT_OBJC_MSGSEND = YES;
				GCC_C_LANGUAGE_STANDARD = gnu99;
				GCC_NO_COMMON_BLOCKS = YES;
				GCC_WARN_64_TO_32_BIT_CONVERSION = YES;
				GCC_WARN_ABOUT_RETURN_TYPE = YES_ERROR;
				GCC_WARN_UNDECLARED_SELECTOR = YES;
				GCC_WARN_UNINITIALIZED_AUTOS = YES_AGGRESSIVE;
				GCC_WARN_UNUSED_FUNCTION = YES;
				GCC_WARN_UNUSED_VARIABLE = YES;
				IPHONEOS_DEPLOYMENT_TARGET = 9.3;
				MTL_ENABLE_DEBUG_INFO = NO;
				SDKROOT = iphoneos;
				VALIDATE_PRODUCT = YES;
			};
			name = Release;
		};
		C534D2641DAB74110000C2D0 /* Debug */ = {
			isa = XCBuildConfiguration;
			buildSettings = {
				ASSETCATALOG_COMPILER_APPICON_NAME = AppIcon;
				INFOPLIST_FILE = ToDoList/Info.plist;
				LD_RUNPATH_SEARCH_PATHS = "$(inherited) @executable_path/Frameworks";
				PRODUCT_BUNDLE_IDENTIFIER = com.sanjithkanagavel.ToDoList;
				PRODUCT_NAME = "$(TARGET_NAME)";
			};
			name = Debug;
		};
		C534D2651DAB74110000C2D0 /* Release */ = {
			isa = XCBuildConfiguration;
			buildSettings = {
				ASSETCATALOG_COMPILER_APPICON_NAME = AppIcon;
				INFOPLIST_FILE = ToDoList/Info.plist;
				LD_RUNPATH_SEARCH_PATHS = "$(inherited) @executable_path/Frameworks";
				PRODUCT_BUNDLE_IDENTIFIER = com.sanjithkanagavel.ToDoList;
				PRODUCT_NAME = "$(TARGET_NAME)";
			};
			name = Release;
		};
/* End XCBuildConfiguration section */

/* Begin XCConfigurationList section */
		C534D2411DAB74110000C2D0 /* Build configuration list for PBXProject "ToDoList" */ = {
			isa = XCConfigurationList;
			buildConfigurations = (
				C534D2611DAB74110000C2D0 /* Debug */,
				C534D2621DAB74110000C2D0 /* Release */,
			);
			defaultConfigurationIsVisible = 0;
			defaultConfigurationName = Release;
		};
		C534D2631DAB74110000C2D0 /* Build configuration list for PBXNativeTarget "ToDoList" */ = {
			isa = XCConfigurationList;
			buildConfigurations = (
				C534D2641DAB74110000C2D0 /* Debug */,
				C534D2651DAB74110000C2D0 /* Release */,
			);
			defaultConfigurationIsVisible = 0;
		};
/* End XCConfigurationList section */

/* Begin XCVersionGroup section */
		C534D24F1DAB74110000C2D0 /* ToDoList.xcdatamodeld */ = {
			isa = XCVersionGroup;
			children = (
				C534D2501DAB74110000C2D0 /* ToDoList.xcdatamodel */,
			);
			currentVersion = C534D2501DAB74110000C2D0 /* ToDoList.xcdatamodel */;
			path = ToDoList.xcdatamodeld;
			sourceTree = "<group>";
			versionGroupType = wrapper.xcdatamodel;
		};
/* End XCVersionGroup section */
	};
	rootObject = C534D23E1DAB74110000C2D0 /* Project object */;
}
