// !$*UTF8*$!
{
	archiveVersion = 1;
	classes = {
	};
	objectVersion = 46;
	objects = {

/* Begin PBXBuildFile section */
		C51C33B21DB8D8BF004C45B2 /* LoadingController.storyboard in Resources */ = {isa = PBXBuildFile; fileRef = C51C33B11DB8D8BF004C45B2 /* LoadingController.storyboard */; };
		C51C33B51DB8D97F004C45B2 /* LoadingController.m in Sources */ = {isa = PBXBuildFile; fileRef = C51C33B41DB8D97F004C45B2 /* LoadingController.m */; };
		C53F046E1DAF7C0700B05E25 /* main.m in Sources */ = {isa = PBXBuildFile; fileRef = C53F046D1DAF7C0700B05E25 /* main.m */; };
		C53F04711DAF7C0700B05E25 /* AppDelegate.m in Sources */ = {isa = PBXBuildFile; fileRef = C53F04701DAF7C0700B05E25 /* AppDelegate.m */; };
		C53F04741DAF7C0700B05E25 /* ViewController.m in Sources */ = {isa = PBXBuildFile; fileRef = C53F04731DAF7C0700B05E25 /* ViewController.m */; };
		C53F04771DAF7C0700B05E25 /* Main.storyboard in Resources */ = {isa = PBXBuildFile; fileRef = C53F04751DAF7C0700B05E25 /* Main.storyboard */; };
		C53F04791DAF7C0800B05E25 /* Assets.xcassets in Resources */ = {isa = PBXBuildFile; fileRef = C53F04781DAF7C0800B05E25 /* Assets.xcassets */; };
		C53F047C1DAF7C0800B05E25 /* LaunchScreen.storyboard in Resources */ = {isa = PBXBuildFile; fileRef = C53F047A1DAF7C0800B05E25 /* LaunchScreen.storyboard */; };
		C53F04871DAF9D8600B05E25 /* play.png in Resources */ = {isa = PBXBuildFile; fileRef = C53F04861DAF9D8600B05E25 /* play.png */; };
		C53F04891DAFA99D00B05E25 /* play1.png in Resources */ = {isa = PBXBuildFile; fileRef = C53F04881DAFA99D00B05E25 /* play1.png */; };
		C556F11C1DB13BDD00C6464E /* mail.png in Resources */ = {isa = PBXBuildFile; fileRef = C556F11B1DB13BDC00C6464E /* mail.png */; };
/* End PBXBuildFile section */

/* Begin PBXFileReference section */
		C51C33B11DB8D8BF004C45B2 /* LoadingController.storyboard */ = {isa = PBXFileReference; fileEncoding = 4; lastKnownFileType = file.storyboard; path = LoadingController.storyboard; sourceTree = "<group>"; };
		C51C33B31DB8D97F004C45B2 /* LoadingController.h */ = {isa = PBXFileReference; fileEncoding = 4; lastKnownFileType = sourcecode.c.h; path = LoadingController.h; sourceTree = "<group>"; };
		C51C33B41DB8D97F004C45B2 /* LoadingController.m */ = {isa = PBXFileReference; fileEncoding = 4; lastKnownFileType = sourcecode.c.objc; path = LoadingController.m; sourceTree = "<group>"; };
		C53F04691DAF7C0700B05E25 /* Animation 1.app */ = {isa = PBXFileReference; explicitFileType = wrapper.application; includeInIndex = 0; path = "Animation 1.app"; sourceTree = BUILT_PRODUCTS_DIR; };
		C53F046D1DAF7C0700B05E25 /* main.m */ = {isa = PBXFileReference; lastKnownFileType = sourcecode.c.objc; path = main.m; sourceTree = "<group>"; };
		C53F046F1DAF7C0700B05E25 /* AppDelegate.h */ = {isa = PBXFileReference; lastKnownFileType = sourcecode.c.h; path = AppDelegate.h; sourceTree = "<group>"; };
		C53F04701DAF7C0700B05E25 /* AppDelegate.m */ = {isa = PBXFileReference; lastKnownFileType = sourcecode.c.objc; path = AppDelegate.m; sourceTree = "<group>"; };
		C53F04721DAF7C0700B05E25 /* ViewController.h */ = {isa = PBXFileReference; lastKnownFileType = sourcecode.c.h; path = ViewController.h; sourceTree = "<group>"; };
		C53F04731DAF7C0700B05E25 /* ViewController.m */ = {isa = PBXFileReference; lastKnownFileType = sourcecode.c.objc; path = ViewController.m; sourceTree = "<group>"; };
		C53F04761DAF7C0700B05E25 /* Base */ = {isa = PBXFileReference; lastKnownFileType = file.storyboard; name = Base; path = Base.lproj/Main.storyboard; sourceTree = "<group>"; };
		C53F04781DAF7C0800B05E25 /* Assets.xcassets */ = {isa = PBXFileReference; lastKnownFileType = folder.assetcatalog; path = Assets.xcassets; sourceTree = "<group>"; };
		C53F047B1DAF7C0800B05E25 /* Base */ = {isa = PBXFileReference; lastKnownFileType = file.storyboard; name = Base; path = Base.lproj/LaunchScreen.storyboard; sourceTree = "<group>"; };
		C53F047D1DAF7C0800B05E25 /* Info.plist */ = {isa = PBXFileReference; lastKnownFileType = text.plist.xml; path = Info.plist; sourceTree = "<group>"; };
		C53F04861DAF9D8600B05E25 /* play.png */ = {isa = PBXFileReference; lastKnownFileType = image.png; path = play.png; sourceTree = "<group>"; };
		C53F04881DAFA99D00B05E25 /* play1.png */ = {isa = PBXFileReference; lastKnownFileType = image.png; path = play1.png; sourceTree = "<group>"; };
		C556F11B1DB13BDC00C6464E /* mail.png */ = {isa = PBXFileReference; lastKnownFileType = image.png; path = mail.png; sourceTree = "<group>"; };
/* End PBXFileReference section */

/* Begin PBXFrameworksBuildPhase section */
		C53F04661DAF7C0700B05E25 /* Frameworks */ = {
			isa = PBXFrameworksBuildPhase;
			buildActionMask = 2147483647;
			files = (
			);
			runOnlyForDeploymentPostprocessing = 0;
		};
/* End PBXFrameworksBuildPhase section */

/* Begin PBXGroup section */
		C53F04601DAF7C0600B05E25 = {
			isa = PBXGroup;
			children = (
				C53F046B1DAF7C0700B05E25 /* Animation 1 */,
				C53F046A1DAF7C0700B05E25 /* Products */,
			);
			sourceTree = "<group>";
		};
		C53F046A1DAF7C0700B05E25 /* Products */ = {
			isa = PBXGroup;
			children = (
				C53F04691DAF7C0700B05E25 /* Animation 1.app */,
			);
			name = Products;
			sourceTree = "<group>";
		};
		C53F046B1DAF7C0700B05E25 /* Animation 1 */ = {
			isa = PBXGroup;
			children = (
				C556F11B1DB13BDC00C6464E /* mail.png */,
				C53F04881DAFA99D00B05E25 /* play1.png */,
				C53F04861DAF9D8600B05E25 /* play.png */,
				C53F046F1DAF7C0700B05E25 /* AppDelegate.h */,
				C53F04701DAF7C0700B05E25 /* AppDelegate.m */,
				C53F04721DAF7C0700B05E25 /* ViewController.h */,
				C53F04731DAF7C0700B05E25 /* ViewController.m */,
				C51C33B11DB8D8BF004C45B2 /* LoadingController.storyboard */,
				C51C33B31DB8D97F004C45B2 /* LoadingController.h */,
				C51C33B41DB8D97F004C45B2 /* LoadingController.m */,
				C53F04751DAF7C0700B05E25 /* Main.storyboard */,
				C53F04781DAF7C0800B05E25 /* Assets.xcassets */,
				C53F047A1DAF7C0800B05E25 /* LaunchScreen.storyboard */,
				C53F047D1DAF7C0800B05E25 /* Info.plist */,
				C53F046C1DAF7C0700B05E25 /* Supporting Files */,
			);
			path = "Animation 1";
			sourceTree = "<group>";
		};
		C53F046C1DAF7C0700B05E25 /* Supporting Files */ = {
			isa = PBXGroup;
			children = (
				C53F046D1DAF7C0700B05E25 /* main.m */,
			);
			name = "Supporting Files";
			sourceTree = "<group>";
		};
/* End PBXGroup section */

/* Begin PBXNativeTarget section */
		C53F04681DAF7C0700B05E25 /* Animation 1 */ = {
			isa = PBXNativeTarget;
			buildConfigurationList = C53F04801DAF7C0800B05E25 /* Build configuration list for PBXNativeTarget "Animation 1" */;
			buildPhases = (
				C53F04651DAF7C0700B05E25 /* Sources */,
				C53F04661DAF7C0700B05E25 /* Frameworks */,
				C53F04671DAF7C0700B05E25 /* Resources */,
			);
			buildRules = (
			);
			dependencies = (
			);
			name = "Animation 1";
			productName = "Animation 1";
			productReference = C53F04691DAF7C0700B05E25 /* Animation 1.app */;
			productType = "com.apple.product-type.application";
		};
/* End PBXNativeTarget section */

/* Begin PBXProject section */
		C53F04611DAF7C0600B05E25 /* Project object */ = {
			isa = PBXProject;
			attributes = {
				LastUpgradeCheck = 0730;
				ORGANIZATIONNAME = "Sanjith Kanagavel";
				TargetAttributes = {
					C53F04681DAF7C0700B05E25 = {
						CreatedOnToolsVersion = 7.3.1;
					};
				};
			};
			buildConfigurationList = C53F04641DAF7C0600B05E25 /* Build configuration list for PBXProject "Animation 1" */;
			compatibilityVersion = "Xcode 3.2";
			developmentRegion = English;
			hasScannedForEncodings = 0;
			knownRegions = (
				en,
				Base,
			);
			mainGroup = C53F04601DAF7C0600B05E25;
			productRefGroup = C53F046A1DAF7C0700B05E25 /* Products */;
			projectDirPath = "";
			projectRoot = "";
			targets = (
				C53F04681DAF7C0700B05E25 /* Animation 1 */,
			);
		};
/* End PBXProject section */

/* Begin PBXResourcesBuildPhase section */
		C53F04671DAF7C0700B05E25 /* Resources */ = {
			isa = PBXResourcesBuildPhase;
			buildActionMask = 2147483647;
			files = (
				C53F047C1DAF7C0800B05E25 /* LaunchScreen.storyboard in Resources */,
				C53F04891DAFA99D00B05E25 /* play1.png in Resources */,
				C556F11C1DB13BDD00C6464E /* mail.png in Resources */,
				C53F04871DAF9D8600B05E25 /* play.png in Resources */,
				C53F04791DAF7C0800B05E25 /* Assets.xcassets in Resources */,
				C51C33B21DB8D8BF004C45B2 /* LoadingController.storyboard in Resources */,
				C53F04771DAF7C0700B05E25 /* Main.storyboard in Resources */,
			);
			runOnlyForDeploymentPostprocessing = 0;
		};
/* End PBXResourcesBuildPhase section */

/* Begin PBXSourcesBuildPhase section */
		C53F04651DAF7C0700B05E25 /* Sources */ = {
			isa = PBXSourcesBuildPhase;
			buildActionMask = 2147483647;
			files = (
				C51C33B51DB8D97F004C45B2 /* LoadingController.m in Sources */,
				C53F04741DAF7C0700B05E25 /* ViewController.m in Sources */,
				C53F04711DAF7C0700B05E25 /* AppDelegate.m in Sources */,
				C53F046E1DAF7C0700B05E25 /* main.m in Sources */,
			);
			runOnlyForDeploymentPostprocessing = 0;
		};
/* End PBXSourcesBuildPhase section */

/* Begin PBXVariantGroup section */
		C53F04751DAF7C0700B05E25 /* Main.storyboard */ = {
			isa = PBXVariantGroup;
			children = (
				C53F04761DAF7C0700B05E25 /* Base */,
			);
			name = Main.storyboard;
			sourceTree = "<group>";
		};
		C53F047A1DAF7C0800B05E25 /* LaunchScreen.storyboard */ = {
			isa = PBXVariantGroup;
			children = (
				C53F047B1DAF7C0800B05E25 /* Base */,
			);
			name = LaunchScreen.storyboard;
			sourceTree = "<group>";
		};
/* End PBXVariantGroup section */

/* Begin XCBuildConfiguration section */
		C53F047E1DAF7C0800B05E25 /* Debug */ = {
			isa = XCBuildConfiguration;
			buildSettings = {
				ALWAYS_SEARCH_USER_PATHS = NO;
				CLANG_ANALYZER_NONNULL = YES;
				CLANG_CXX_LANGUAGE_STANDARD = "gnu++0x";
				CLANG_CXX_LIBRARY = "libc++";
				CLANG_ENABLE_MODULES = YES;
				CLANG_ENABLE_OBJC_ARC = YES;
				CLANG_WARN_BOOL_CONVERSION = YES;
				CLANG_WARN_CONSTANT_CONVERSION = YES;
				CLANG_WARN_DIRECT_OBJC_ISA_USAGE = YES_ERROR;
				CLANG_WARN_EMPTY_BODY = YES;
				CLANG_WARN_ENUM_CONVERSION = YES;
				CLANG_WARN_INT_CONVERSION = YES;
				CLANG_WARN_OBJC_ROOT_CLASS = YES_ERROR;
				CLANG_WARN_UNREACHABLE_CODE = YES;
				CLANG_WARN__DUPLICATE_METHOD_MATCH = YES;
				"CODE_SIGN_IDENTITY[sdk=iphoneos*]" = "iPhone Developer";
				COPY_PHASE_STRIP = NO;
				DEBUG_INFORMATION_FORMAT = dwarf;
				ENABLE_STRICT_OBJC_MSGSEND = YES;
				ENABLE_TESTABILITY = YES;
				GCC_C_LANGUAGE_STANDARD = gnu99;
				GCC_DYNAMIC_NO_PIC = NO;
				GCC_NO_COMMON_BLOCKS = YES;
				GCC_OPTIMIZATION_LEVEL = 0;
				GCC_PREPROCESSOR_DEFINITIONS = (
					"DEBUG=1",
					"$(inherited)",
				);
				GCC_WARN_64_TO_32_BIT_CONVERSION = YES;
				GCC_WARN_ABOUT_RETURN_TYPE = YES_ERROR;
				GCC_WARN_UNDECLARED_SELECTOR = YES;
				GCC_WARN_UNINITIALIZED_AUTOS = YES_AGGRESSIVE;
				GCC_WARN_UNUSED_FUNCTION = YES;
				GCC_WARN_UNUSED_VARIABLE = YES;
				IPHONEOS_DEPLOYMENT_TARGET = 9.3;
				MTL_ENABLE_DEBUG_INFO = YES;
				ONLY_ACTIVE_ARCH = YES;
				SDKROOT = iphoneos;
				TARGETED_DEVICE_FAMILY = "1,2";
			};
			name = Debug;
		};
		C53F047F1DAF7C0800B05E25 /* Release */ = {
			isa = XCBuildConfiguration;
			buildSettings = {
				ALWAYS_SEARCH_USER_PATHS = NO;
				CLANG_ANALYZER_NONNULL = YES;
				CLANG_CXX_LANGUAGE_STANDARD = "gnu++0x";
				CLANG_CXX_LIBRARY = "libc++";
				CLANG_ENABLE_MODULES = YES;
				CLANG_ENABLE_OBJC_ARC = YES;
				CLANG_WARN_BOOL_CONVERSION = YES;
				CLANG_WARN_CONSTANT_CONVERSION = YES;
				CLANG_WARN_DIRECT_OBJC_ISA_USAGE = YES_ERROR;
				CLANG_WARN_EMPTY_BODY = YES;
				CLANG_WARN_ENUM_CONVERSION = YES;
				CLANG_WARN_INT_CONVERSION = YES;
				CLANG_WARN_OBJC_ROOT_CLASS = YES_ERROR;
				CLANG_WARN_UNREACHABLE_CODE = YES;
				CLANG_WARN__DUPLICATE_METHOD_MATCH = YES;
				"CODE_SIGN_IDENTITY[sdk=iphoneos*]" = "iPhone Developer";
				COPY_PHASE_STRIP = NO;
				DEBUG_INFORMATION_FORMAT = "dwarf-with-dsym";
				ENABLE_NS_ASSERTIONS = NO;
				ENABLE_STRICT_OBJC_MSGSEND = YES;
				GCC_C_LANGUAGE_STANDARD = gnu99;
				GCC_NO_COMMON_BLOCKS = YES;
				GCC_WARN_64_TO_32_BIT_CONVERSION = YES;
				GCC_WARN_ABOUT_RETURN_TYPE = YES_ERROR;
				GCC_WARN_UNDECLARED_SELECTOR = YES;
				GCC_WARN_UNINITIALIZED_AUTOS = YES_AGGRESSIVE;
				GCC_WARN_UNUSED_FUNCTION = YES;
				GCC_WARN_UNUSED_VARIABLE = YES;
				IPHONEOS_DEPLOYMENT_TARGET = 9.3;
				MTL_ENABLE_DEBUG_INFO = NO;
				SDKROOT = iphoneos;
				TARGETED_DEVICE_FAMILY = "1,2";
				VALIDATE_PRODUCT = YES;
			};
			name = Release;
		};
		C53F04811DAF7C0800B05E25 /* Debug */ = {
			isa = XCBuildConfiguration;
			buildSettings = {
				ASSETCATALOG_COMPILER_APPICON_NAME = AppIcon;
				INFOPLIST_FILE = "Animation 1/Info.plist";
				LD_RUNPATH_SEARCH_PATHS = "$(inherited) @executable_path/Frameworks";
				PRODUCT_BUNDLE_IDENTIFIER = "com.sanjithkanagavel.Animation-1";
				PRODUCT_NAME = "$(TARGET_NAME)";
			};
			name = Debug;
		};
		C53F04821DAF7C0800B05E25 /* Release */ = {
			isa = XCBuildConfiguration;
			buildSettings = {
				ASSETCATALOG_COMPILER_APPICON_NAME = AppIcon;
				INFOPLIST_FILE = "Animation 1/Info.plist";
				LD_RUNPATH_SEARCH_PATHS = "$(inherited) @executable_path/Frameworks";
				PRODUCT_BUNDLE_IDENTIFIER = "com.sanjithkanagavel.Animation-1";
				PRODUCT_NAME = "$(TARGET_NAME)";
			};
			name = Release;
		};
/* End XCBuildConfiguration section */

/* Begin XCConfigurationList section */
		C53F04641DAF7C0600B05E25 /* Build configuration list for PBXProject "Animation 1" */ = {
			isa = XCConfigurationList;
			buildConfigurations = (
				C53F047E1DAF7C0800B05E25 /* Debug */,
				C53F047F1DAF7C0800B05E25 /* Release */,
			);
			defaultConfigurationIsVisible = 0;
			defaultConfigurationName = Release;
		};
		C53F04801DAF7C0800B05E25 /* Build configuration list for PBXNativeTarget "Animation 1" */ = {
			isa = XCConfigurationList;
			buildConfigurations = (
				C53F04811DAF7C0800B05E25 /* Debug */,
				C53F04821DAF7C0800B05E25 /* Release */,
			);
			defaultConfigurationIsVisible = 0;
			defaultConfigurationName = Release;
		};
/* End XCConfigurationList section */
	};
	rootObject = C53F04611DAF7C0600B05E25 /* Project object */;
}
